
Microsoft Visual Studio Solution File, Format Version 12.00
# Visual Studio Version 18
VisualStudioVersion = 18.0.0.0
MinimumVisualStudioVersion = 10.0.40219.1
Project("{2150E333-8FDC-42A3-9474-1A3956D46DE8}") = "src", "src", "{B18F4050-6ED9-4D3F-9D48-9A47204C6F58}"
EndProject
Project("{2150E333-8FDC-42A3-9474-1A3956D46DE8}") = "tests", "tests", "{89185637-AC6F-431A-8878-847983A91DC6}"
EndProject
Project("{9A19103F-16F7-4668-BE54-9A1E7A4F7556}") = "CodexBackupManager.Domain", "src\CodexBackupManager.Domain\CodexBackupManager.Domain.csproj", "{0BC3AF21-7841-4E0D-A1E7-B1A2680DB840}"
EndProject
Project("{9A19103F-16F7-4668-BE54-9A1E7A4F7556}") = "CodexBackupManager.Codex", "src\CodexBackupManager.Codex\CodexBackupManager.Codex.csproj", "{94352FD5-8F7D-4892-A7D6-CF96FFB2BAB8}"
EndProject
Project("{9A19103F-16F7-4668-BE54-9A1E7A4F7556}") = "CodexBackupManager.App", "src\CodexBackupManager.App\CodexBackupManager.App.csproj", "{A222E7D5-13BA-43E9-93D9-A29192DEDC1E}"
EndProject
Project("{9A19103F-16F7-4668-BE54-9A1E7A4F7556}") = "CodexBackupManager.Domain.Tests", "tests\CodexBackupManager.Domain.Tests\CodexBackupManager.Domain.Tests.csproj", "{06DC84AF-2914-4C0A-86E4-9F9F316C7491}"
EndProject
Project("{9A19103F-16F7-4668-BE54-9A1E7A4F7556}") = "CodexBackupManager.Codex.Tests", "tests\CodexBackupManager.Codex.Tests\CodexBackupManager.Codex.Tests.csproj", "{9A58A01D-1536-401F-B699-573CDFB07BD8}"
EndProject
Project("{FAE04EC0-301F-11D3-BF4B-00C04F79EFBC}") = "CodexBackupManager.App.Tests", "tests\CodexBackupManager.App.Tests\CodexBackupManager.App.Tests.csproj", "{F0E7EFE3-4999-4C6F-93AE-5517B29F1EE9}"
EndProject
Project("{FAE04EC0-301F-11D3-BF4B-00C04F79EFBC}") = "CodexBackupManager.Backup", "src\CodexBackupManager.Backup\CodexBackupManager.Backup.csproj", "{46A91A56-1DD2-4E5A-B8C4-DACE28B1F9E9}"
EndProject
Project("{FAE04EC0-301F-11D3-BF4B-00C04F79EFBC}") = "CodexBackupManager.Backup.Tests", "tests\CodexBackupManager.Backup.Tests\CodexBackupManager.Backup.Tests.csproj", "{64558470-0291-436B-9FB9-1D77C550DA53}"
EndProject
Project("{FAE04EC0-301F-11D3-BF4B-00C04F79EFBC}") = "CodexBackupManager.Restore", "src\CodexBackupManager.Restore\CodexBackupManager.Restore.csproj", "{EB20FC31-F86B-457C-B0E5-862F07236FA5}"
EndProject
Project("{FAE04EC0-301F-11D3-BF4B-00C04F79EFBC}") = "CodexBackupManager.Restore.Tests", "tests\CodexBackupManager.Restore.Tests\CodexBackupManager.Restore.Tests.csproj", "{35EF478A-8BA1-4E0D-910D-8652964B4DDE}"
EndProject
Global
	GlobalSection(SolutionConfigurationPlatforms) = preSolution
		Debug|Any CPU = Debug|Any CPU
		Debug|x64 = Debug|x64
		Debug|x86 = Debug|x86
		Release|Any CPU = Release|Any CPU
		Release|x64 = Release|x64
		Release|x86 = Release|x86
	EndGlobalSection
	GlobalSection(ProjectConfigurationPlatforms) = postSolution
		{0BC3AF21-7841-4E0D-A1E7-B1A2680DB840}.Debug|Any CPU.ActiveCfg = Debug|Any CPU
		{0BC3AF21-7841-4E0D-A1E7-B1A2680DB840}.Debug|Any CPU.Build.0 = Debug|Any CPU
		{0BC3AF21-7841-4E0D-A1E7-B1A2680DB840}.Debug|x64.ActiveCfg = Debug|Any CPU
		{0BC3AF21-7841-4E0D-A1E7-B1A2680DB840}.Debug|x64.Build.0 = Debug|Any CPU
		{0BC3AF21-7841-4E0D-A1E7-B1A2680DB840}.Debug|x86.ActiveCfg = Debug|Any CPU
		{0BC3AF21-7841-4E0D-A1E7-B1A2680DB840}.Debug|x86.Build.0 = Debug|Any CPU
		{0BC3AF21-7841-4E0D-A1E7-B1A2680DB840}.Release|Any CPU.ActiveCfg = Release|Any CPU
		{0BC3AF21-7841-4E0D-A1E7-B1A2680DB840}.Release|Any CPU.Build.0 = Release|Any CPU
		{0BC3AF21-7841-4E0D-A1E7-B1A2680DB840}.Release|x64.ActiveCfg = Release|Any CPU
		{0BC3AF21-7841-4E0D-A1E7-B1A2680DB840}.Release|x64.Build.0 = Release|Any CPU
		{0BC3AF21-7841-4E0D-A1E7-B1A2680DB840}.Release|x86.ActiveCfg = Release|Any CPU
		{0BC3AF21-7841-4E0D-A1E7-B1A2680DB840}.Release|x86.Build.0 = Release|Any CPU
		{94352FD5-8F7D-4892-A7D6-CF96FFB2BAB8}.Debug|Any CPU.ActiveCfg = Debug|Any CPU
		{94352FD5-8F7D-4892-A7D6-CF96FFB2BAB8}.Debug|Any CPU.Build.0 = Debug|Any CPU
		{94352FD5-8F7D-4892-A7D6-CF96FFB2BAB8}.Debug|x64.ActiveCfg = Debug|Any CPU
		{94352FD5-8F7D-4892-A7D6-CF96FFB2BAB8}.Debug|x64.Build.0 = Debug|Any CPU
		{94352FD5-8F7D-4892-A7D6-CF96FFB2BAB8}.Debug|x86.ActiveCfg = Debug|Any CPU
		{94352FD5-8F7D-4892-A7D6-CF96FFB2BAB8}.Debug|x86.Build.0 = Debug|Any CPU
		{94352FD5-8F7D-4892-A7D6-CF96FFB2BAB8}.Release|Any CPU.ActiveCfg = Release|Any CPU
		{94352FD5-8F7D-4892-A7D6-CF96FFB2BAB8}.Release|Any CPU.Build.0 = Release|Any CPU
		{94352FD5-8F7D-4892-A7D6-CF96FFB2BAB8}.Release|x64.ActiveCfg = Release|Any CPU
		{94352FD5-8F7D-4892-A7D6-CF96FFB2BAB8}.Release|x64.Build.0 = Release|Any CPU
		{94352FD5-8F7D-4892-A7D6-CF96FFB2BAB8}.Release|x86.ActiveCfg = Release|Any CPU
		{94352FD5-8F7D-4892-A7D6-CF96FFB2BAB8}.Release|x86.Build.0 = Release|Any CPU
		{A222E7D5-13BA-43E9-93D9-A29192DEDC1E}.Debug|Any CPU.ActiveCfg = Debug|Any CPU
		{A222E7D5-13BA-43E9-93D9-A29192DEDC1E}.Debug|Any CPU.Build.0 = Debug|Any CPU
		{A222E7D5-13BA-43E9-93D9-A29192DEDC1E}.Debug|x64.ActiveCfg = Debug|Any CPU
		{A222E7D5-13BA-43E9-93D9-A29192DEDC1E}.Debug|x64.Build.0 = Debug|Any CPU
		{A222E7D5-13BA-43E9-93D9-A29192DEDC1E}.Debug|x86.ActiveCfg = Debug|Any CPU
		{A222E7D5-13BA-43E9-93D9-A29192DEDC1E}.Debug|x86.Build.0 = Debug|Any CPU
		{A222E7D5-13BA-43E9-93D9-A29192DEDC1E}.Release|Any CPU.ActiveCfg = Release|Any CPU
		{A222E7D5-13BA-43E9-93D9-A29192DEDC1E}.Release|Any CPU.Build.0 = Release|Any CPU
		{A222E7D5-13BA-43E9-93D9-A29192DEDC1E}.Release|x64.ActiveCfg = Release|Any CPU
		{A222E7D5-13BA-43E9-93D9-A29192DEDC1E}.Release|x64.Build.0 = Release|Any CPU
		{A222E7D5-13BA-43E9-93D9-A29192DEDC1E}.Release|x86.ActiveCfg = Release|Any CPU
		{A222E7D5-13BA-43E9-93D9-A29192DEDC1E}.Release|x86.Build.0 = Release|Any CPU
		{06DC84AF-2914-4C0A-86E4-9F9F316C7491}.Debug|Any CPU.ActiveCfg = Debug|Any CPU
		{06DC84AF-2914-4C0A-86E4-9F9F316C7491}.Debug|Any CPU.Build.0 = Debug|Any CPU
		{06DC84AF-2914-4C0A-86E4-9F9F316C7491}.Debug|x64.ActiveCfg = Debug|Any CPU
		{06DC84AF-2914-4C0A-86E4-9F9F316C7491}.Debug|x64.Build.0 = Debug|Any CPU
		{06DC84AF-2914-4C0A-86E4-9F9F316C7491}.Debug|x86.ActiveCfg = Debug|Any CPU
		{06DC84AF-2914-4C0A-86E4-9F9F316C7491}.Debug|x86.Build.0 = Debug|Any CPU
		{06DC84AF-2914-4C0A-86E4-9F9F316C7491}.Release|Any CPU.ActiveCfg = Release|Any CPU
		{06DC84AF-2914-4C0A-86E4-9F9F316C7491}.Release|Any CPU.Build.0 = Release|Any CPU
		{06DC84AF-2914-4C0A-86E4-9F9F316C7491}.Release|x64.ActiveCfg = Release|Any CPU
		{06DC84AF-2914-4C0A-86E4-9F9F316C7491}.Release|x64.Build.0 = Release|Any CPU
		{06DC84AF-2914-4C0A-86E4-9F9F316C7491}.Release|x86.ActiveCfg = Release|Any CPU
		{06DC84AF-2914-4C0A-86E4-9F9F316C7491}.Release|x86.Build.0 = Release|Any CPU
		{9A58A01D-1536-401F-B699-573CDFB07BD8}.Debug|Any CPU.ActiveCfg = Debug|Any CPU
		{9A58A01D-1536-401F-B699-573CDFB07BD8}.Debug|Any CPU.Build.0 = Debug|Any CPU
		{9A58A01D-1536-401F-B699-573CDFB07BD8}.Debug|x64.ActiveCfg = Debug|Any CPU
		{9A58A01D-1536-401F-B699-573CDFB07BD8}.Debug|x64.Build.0 = Debug|Any CPU
		{9A58A01D-1536-401F-B699-573CDFB07BD8}.Debug|x86.ActiveCfg = Debug|Any CPU
		{9A58A01D-1536-401F-B699-573CDFB07BD8}.Debug|x86.Build.0 = Debug|Any CPU
		{9A58A01D-1536-401F-B699-573CDFB07BD8}.Release|Any CPU.ActiveCfg = Release|Any CPU
		{9A58A01D-1536-401F-B699-573CDFB07BD8}.Release|Any CPU.Build.0 = Release|Any CPU
		{9A58A01D-1536-401F-B699-573CDFB07BD8}.Release|x64.ActiveCfg = Release|Any CPU
		{9A58A01D-1536-401F-B699-573CDFB07BD8}.Release|x64.Build.0 = Release|Any CPU
		{9A58A01D-1536-401F-B699-573CDFB07BD8}.Release|x86.ActiveCfg = Release|Any CPU
		{9A58A01D-1536-401F-B699-573CDFB07BD8}.Release|x86.Build.0 = Release|Any CPU
		{F0E7EFE3-4999-4C6F-93AE-5517B29F1EE9}.Debug|Any CPU.ActiveCfg = Debug|Any CPU
		{F0E7EFE3-4999-4C6F-93AE-5517B29F1EE9}.Debug|Any CPU.Build.0 = Debug|Any CPU
		{F0E7EFE3-4999-4C6F-93AE-5517B29F1EE9}.Debug|x64.ActiveCfg = Debug|Any CPU
		{F0E7EFE3-4999-4C6F-93AE-5517B29F1EE9}.Debug|x64.Build.0 = Debug|Any CPU
		{F0E7EFE3-4999-4C6F-93AE-5517B29F1EE9}.Debug|x86.ActiveCfg = Debug|Any CPU
		{F0E7EFE3-4999-4C6F-93AE-5517B29F1EE9}.Debug|x86.Build.0 = Debug|Any CPU
		{F0E7EFE3-4999-4C6F-93AE-5517B29F1EE9}.Release|Any CPU.ActiveCfg = Release|Any CPU
		{F0E7EFE3-4999-4C6F-93AE-5517B29F1EE9}.Release|Any CPU.Build.0 = Release|Any CPU
		{F0E7EFE3-4999-4C6F-93AE-5517B29F1EE9}.Release|x64.ActiveCfg = Release|Any CPU
		{F0E7EFE3-4999-4C6F-93AE-5517B29F1EE9}.Release|x64.Build.0 = Release|Any CPU
		{F0E7EFE3-4999-4C6F-93AE-5517B29F1EE9}.Release|x86.ActiveCfg = Release|Any CPU
		{F0E7EFE3-4999-4C6F-93AE-5517B29F1EE9}.Release|x86.Build.0 = Release|Any CPU
		{46A91A56-1DD2-4E5A-B8C4-DACE28B1F9E9}.Debug|Any CPU.ActiveCfg = Debug|Any CPU
		{46A91A56-1DD2-4E5A-B8C4-DACE28B1F9E9}.Debug|Any CPU.Build.0 = Debug|Any CPU
		{46A91A56-1DD2-4E5A-B8C4-DACE28B1F9E9}.Debug|x64.ActiveCfg = Debug|Any CPU
		{46A91A56-1DD2-4E5A-B8C4-DACE28B1F9E9}.Debug|x64.Build.0 = Debug|Any CPU
		{46A91A56-1DD2-4E5A-B8C4-DACE28B1F9E9}.Debug|x86.ActiveCfg = Debug|Any CPU
		{46A91A56-1DD2-4E5A-B8C4-DACE28B1F9E9}.Debug|x86.Build.0 = Debug|Any CPU
		{46A91A56-1DD2-4E5A-B8C4-DACE28B1F9E9}.Release|Any CPU.ActiveCfg = Release|Any CPU
		{46A91A56-1DD2-4E5A-B8C4-DACE28B1F9E9}.Release|Any CPU.Build.0 = Release|Any CPU
		{46A91A56-1DD2-4E5A-B8C4-DACE28B1F9E9}.Release|x64.ActiveCfg = Release|Any CPU
		{46A91A56-1DD2-4E5A-B8C4-DACE28B1F9E9}.Release|x64.Build.0 = Release|Any CPU
		{46A91A56-1DD2-4E5A-B8C4-DACE28B1F9E9}.Release|x86.ActiveCfg = Release|Any CPU
		{46A91A56-1DD2-4E5A-B8C4-DACE28B1F9E9}.Release|x86.Build.0 = Release|Any CPU
		{64558470-0291-436B-9FB9-1D77C550DA53}.Debug|Any CPU.ActiveCfg = Debug|Any CPU
		{64558470-0291-436B-9FB9-1D77C550DA53}.Debug|Any CPU.Build.0 = Debug|Any CPU
		{64558470-0291-436B-9FB9-1D77C550DA53}.Debug|x64.ActiveCfg = Debug|Any CPU
		{64558470-0291-436B-9FB9-1D77C550DA53}.Debug|x64.Build.0 = Debug|Any CPU
		{64558470-0291-436B-9FB9-1D77C550DA53}.Debug|x86.ActiveCfg = Debug|Any CPU
		{64558470-0291-436B-9FB9-1D77C550DA53}.Debug|x86.Build.0 = Debug|Any CPU
		{64558470-0291-436B-9FB9-1D77C550DA53}.Release|Any CPU.ActiveCfg = Release|Any CPU
		{64558470-0291-436B-9FB9-1D77C550DA53}.Release|Any CPU.Build.0 = Release|Any CPU
		{64558470-0291-436B-9FB9-1D77C550DA53}.Release|x64.ActiveCfg = Release|Any CPU
		{64558470-0291-436B-9FB9-1D77C550DA53}.Release|x64.Build.0 = Release|Any CPU
		{64558470-0291-436B-9FB9-1D77C550DA53}.Release|x86.ActiveCfg = Release|Any CPU
		{64558470-0291-436B-9FB9-1D77C550DA53}.Release|x86.Build.0 = Release|Any CPU
		{EB20FC31-F86B-457C-B0E5-862F07236FA5}.Debug|Any CPU.ActiveCfg = Debug|Any CPU
		{EB20FC31-F86B-457C-B0E5-862F07236FA5}.Debug|Any CPU.Build.0 = Debug|Any CPU
		{EB20FC31-F86B-457C-B0E5-862F07236FA5}.Debug|x64.ActiveCfg = Debug|Any CPU
		{EB20FC31-F86B-457C-B0E5-862F07236FA5}.Debug|x64.Build.0 = Debug|Any CPU
		{EB20FC31-F86B-457C-B0E5-862F07236FA5}.Debug|x86.ActiveCfg = Debug|Any CPU
		{EB20FC31-F86B-457C-B0E5-862F07236FA5}.Debug|x86.Build.0 = Debug|Any CPU
		{EB20FC31-F86B-457C-B0E5-862F07236FA5}.Release|Any CPU.ActiveCfg = Release|Any CPU
		{EB20FC31-F86B-457C-B0E5-862F07236FA5}.Release|Any CPU.Build.0 = Release|Any CPU
		{EB20FC31-F86B-457C-B0E5-862F07236FA5}.Release|x64.ActiveCfg = Release|Any CPU
		{EB20FC31-F86B-457C-B0E5-862F07236FA5}.Release|x64.Build.0 = Release|Any CPU
		{EB20FC31-F86B-457C-B0E5-862F07236FA5}.Release|x86.ActiveCfg = Release|Any CPU
		{EB20FC31-F86B-457C-B0E5-862F07236FA5}.Release|x86.Build.0 = Release|Any CPU
		{35EF478A-8BA1-4E0D-910D-8652964B4DDE}.Debug|Any CPU.ActiveCfg = Debug|Any CPU
		{35EF478A-8BA1-4E0D-910D-8652964B4DDE}.Debug|Any CPU.Build.0 = Debug|Any CPU
		{35EF478A-8BA1-4E0D-910D-8652964B4DDE}.Debug|x64.ActiveCfg = Debug|Any CPU
		{35EF478A-8BA1-4E0D-910D-8652964B4DDE}.Debug|x64.Build.0 = Debug|Any CPU
		{35EF478A-8BA1-4E0D-910D-8652964B4DDE}.Debug|x86.ActiveCfg = Debug|Any CPU
		{35EF478A-8BA1-4E0D-910D-8652964B4DDE}.Debug|x86.Build.0 = Debug|Any CPU
		{35EF478A-8BA1-4E0D-910D-8652964B4DDE}.Release|Any CPU.ActiveCfg = Release|Any CPU
		{35EF478A-8BA1-4E0D-910D-8652964B4DDE}.Release|Any CPU.Build.0 = Release|Any CPU
		{35EF478A-8BA1-4E0D-910D-8652964B4DDE}.Release|x64.ActiveCfg = Release|Any CPU
		{35EF478A-8BA1-4E0D-910D-8652964B4DDE}.Release|x64.Build.0 = Release|Any CPU
		{35EF478A-8BA1-4E0D-910D-8652964B4DDE}.Release|x86.ActiveCfg = Release|Any CPU
		{35EF478A-8BA1-4E0D-910D-8652964B4DDE}.Release|x86.Build.0 = Release|Any CPU
	EndGlobalSection
	GlobalSection(SolutionProperties) = preSolution
		HideSolutionNode = FALSE
	EndGlobalSection
	GlobalSection(NestedProjects) = preSolution
		{0BC3AF21-7841-4E0D-A1E7-B1A2680DB840} = {B18F4050-6ED9-4D3F-9D48-9A47204C6F58}
		{94352FD5-8F7D-4892-A7D6-CF96FFB2BAB8} = {B18F4050-6ED9-4D3F-9D48-9A47204C6F58}
		{A222E7D5-13BA-43E9-93D9-A29192DEDC1E} = {B18F4050-6ED9-4D3F-9D48-9A47204C6F58}
		{06DC84AF-2914-4C0A-86E4-9F9F316C7491} = {89185637-AC6F-431A-8878-847983A91DC6}
		{9A58A01D-1536-401F-B699-573CDFB07BD8} = {89185637-AC6F-431A-8878-847983A91DC6}
		{F0E7EFE3-4999-4C6F-93AE-5517B29F1EE9} = {89185637-AC6F-431A-8878-847983A91DC6}
		{46A91A56-1DD2-4E5A-B8C4-DACE28B1F9E9} = {B18F4050-6ED9-4D3F-9D48-9A47204C6F58}
		{64558470-0291-436B-9FB9-1D77C550DA53} = {89185637-AC6F-431A-8878-847983A91DC6}
		{EB20FC31-F86B-457C-B0E5-862F07236FA5} = {B18F4050-6ED9-4D3F-9D48-9A47204C6F58}
		{35EF478A-8BA1-4E0D-910D-8652964B4DDE} = {89185637-AC6F-431A-8878-847983A91DC6}
	EndGlobalSection
	GlobalSection(ExtensibilityGlobals) = postSolution
		SolutionGuid = {53E4FB7F-4B3F-45F3-80DF-DC9167A3886F}
	EndGlobalSection
EndGlobal
